
Microsoft Visual Studio Solution File, Format Version 12.00
# Visual Studio Version 17
VisualStudioVersion = 17.1.32328.378
MinimumVisualStudioVersion = 10.0.40219.1
Project("{FAE04EC0-301F-11D3-BF4B-00C04F79EFBC}") = "Den.Delegate", "Den.Delegate\Den.Delegate.csproj", "{6B71C1C5-BCCE-4EEE-BE17-53689583A956}"
EndProject
Global
	GlobalSection(SolutionConfigurationPlatforms) = preSolution
		Debug|Any CPU = Debug|Any CPU
		Release|Any CPU = Release|Any CPU
	EndGlobalSection
	GlobalSection(ProjectConfigurationPlatforms) = postSolution
		{6B71C1C5-BCCE-4EEE-BE17-53689583A956}.Debug|Any CPU.ActiveCfg = Debug|Any CPU
		{6B71C1C5-BCCE-4EEE-BE17-53689583A956}.Debug|Any CPU.Build.0 = Debug|Any CPU
		{6B71C1C5-BCCE-4EEE-BE17-53689583A956}.Release|Any CPU.ActiveCfg = Release|Any CPU
		{6B71C1C5-BCCE-4EEE-BE17-53689583A956}.Release|Any CPU.Build.0 = Release|Any CPU
	EndGlobalSection
	GlobalSection(SolutionProperties) = preSolution
		HideSolutionNode = FALSE
	EndGlobalSection
	GlobalSection(ExtensibilityGlobals) = postSolution
		SolutionGuid = {1FE82FAF-6714-420E-A01E-90A605BF2429}
	EndGlobalSection
EndGlobal
